
Microsoft Visual Studio Solution File, Format Version 12.00
# Visual Studio Version 16
VisualStudioVersion = 16.0.31205.134
MinimumVisualStudioVersion = 10.0.40219.1
Project("{9A19103F-16F7-4668-BE54-9A1E7A4F7556}") = "LinqSample1", "LinqSample1\LinqSample1.csproj", "{7D926B3A-0AF2-4F2B-AF67-AFDB63585ED4}"
EndProject
Project("{FAE04EC0-301F-11D3-BF4B-00C04F79EFBC}") = "DifferentWay", "DifferentWay\DifferentWay.csproj", "{6BA39CA0-5404-435C-BAC0-5833DBA1E49E}"
EndProject
Project("{FAE04EC0-301F-11D3-BF4B-00C04F79EFBC}") = "IEnumarableIQuerable", "IEnumarableIQuerable\IEnumarableIQuerable.csproj", "{5C518CA4-4DF4-41EE-B719-6EB0AFD5D4CC}"
EndProject
Project("{FAE04EC0-301F-11D3-BF4B-00C04F79EFBC}") = "SelectMany", "SelectMany\SelectMany.csproj", "{7A288B34-83B0-47C3-B006-82A06BCEF466}"
EndProject
Project("{FAE04EC0-301F-11D3-BF4B-00C04F79EFBC}") = "Where-Operator", "Where-Operator\Where-Operator.csproj", "{F927BCE1-957F-4A79-A65C-390CF0EE40A7}"
EndProject
Global
	GlobalSection(SolutionConfigurationPlatforms) = preSolution
		Debug|Any CPU = Debug|Any CPU
		Release|Any CPU = Release|Any CPU
	EndGlobalSection
	GlobalSection(ProjectConfigurationPlatforms) = postSolution
		{7D926B3A-0AF2-4F2B-AF67-AFDB63585ED4}.Debug|Any CPU.ActiveCfg = Debug|Any CPU
		{7D926B3A-0AF2-4F2B-AF67-AFDB63585ED4}.Debug|Any CPU.Build.0 = Debug|Any CPU
		{7D926B3A-0AF2-4F2B-AF67-AFDB63585ED4}.Release|Any CPU.ActiveCfg = Release|Any CPU
		{7D926B3A-0AF2-4F2B-AF67-AFDB63585ED4}.Release|Any CPU.Build.0 = Release|Any CPU
		{6BA39CA0-5404-435C-BAC0-5833DBA1E49E}.Debug|Any CPU.ActiveCfg = Debug|Any CPU
		{6BA39CA0-5404-435C-BAC0-5833DBA1E49E}.Debug|Any CPU.Build.0 = Debug|Any CPU
		{6BA39CA0-5404-435C-BAC0-5833DBA1E49E}.Release|Any CPU.ActiveCfg = Release|Any CPU
		{6BA39CA0-5404-435C-BAC0-5833DBA1E49E}.Release|Any CPU.Build.0 = Release|Any CPU
		{5C518CA4-4DF4-41EE-B719-6EB0AFD5D4CC}.Debug|Any CPU.ActiveCfg = Debug|Any CPU
		{5C518CA4-4DF4-41EE-B719-6EB0AFD5D4CC}.Debug|Any CPU.Build.0 = Debug|Any CPU
		{5C518CA4-4DF4-41EE-B719-6EB0AFD5D4CC}.Release|Any CPU.ActiveCfg = Release|Any CPU
		{5C518CA4-4DF4-41EE-B719-6EB0AFD5D4CC}.Release|Any CPU.Build.0 = Release|Any CPU
		{7A288B34-83B0-47C3-B006-82A06BCEF466}.Debug|Any CPU.ActiveCfg = Debug|Any CPU
		{7A288B34-83B0-47C3-B006-82A06BCEF466}.Debug|Any CPU.Build.0 = Debug|Any CPU
		{7A288B34-83B0-47C3-B006-82A06BCEF466}.Release|Any CPU.ActiveCfg = Release|Any CPU
		{7A288B34-83B0-47C3-B006-82A06BCEF466}.Release|Any CPU.Build.0 = Release|Any CPU
		{F927BCE1-957F-4A79-A65C-390CF0EE40A7}.Debug|Any CPU.ActiveCfg = Debug|Any CPU
		{F927BCE1-957F-4A79-A65C-390CF0EE40A7}.Debug|Any CPU.Build.0 = Debug|Any CPU
		{F927BCE1-957F-4A79-A65C-390CF0EE40A7}.Release|Any CPU.ActiveCfg = Release|Any CPU
		{F927BCE1-957F-4A79-A65C-390CF0EE40A7}.Release|Any CPU.Build.0 = Release|Any CPU
	EndGlobalSection
	GlobalSection(SolutionProperties) = preSolution
		HideSolutionNode = FALSE
	EndGlobalSection
	GlobalSection(ExtensibilityGlobals) = postSolution
		SolutionGuid = {2DE10608-638C-4BBD-AB51-428C76E1A8ED}
	EndGlobalSection
EndGlobal
